
Microsoft Visual Studio Solution File, Format Version 12.00
# Visual Studio Version 16
VisualStudioVersion = 16.0.30717.126
MinimumVisualStudioVersion = 10.0.40219.1
Project("{FAE04EC0-301F-11D3-BF4B-00C04F79EFBC}") = "IzuzeciZad3", "IzuzeciZad3\IzuzeciZad3.csproj", "{43FFB0A8-017D-42A1-8E0E-1DED1B3295CE}"
EndProject
Global
	GlobalSection(SolutionConfigurationPlatforms) = preSolution
		Debug|Any CPU = Debug|Any CPU
		Release|Any CPU = Release|Any CPU
	EndGlobalSection
	GlobalSection(ProjectConfigurationPlatforms) = postSolution
		{43FFB0A8-017D-42A1-8E0E-1DED1B3295CE}.Debug|Any CPU.ActiveCfg = Debug|Any CPU
		{43FFB0A8-017D-42A1-8E0E-1DED1B3295CE}.Debug|Any CPU.Build.0 = Debug|Any CPU
		{43FFB0A8-017D-42A1-8E0E-1DED1B3295CE}.Release|Any CPU.ActiveCfg = Release|Any CPU
		{43FFB0A8-017D-42A1-8E0E-1DED1B3295CE}.Release|Any CPU.Build.0 = Release|Any CPU
	EndGlobalSection
	GlobalSection(SolutionProperties) = preSolution
		HideSolutionNode = FALSE
	EndGlobalSection
	GlobalSection(ExtensibilityGlobals) = postSolution
		SolutionGuid = {EE0E3B8B-59EA-4B1D-A135-773DEF5E5376}
	EndGlobalSection
EndGlobal
